
Microsoft Visual Studio Solution File, Format Version 12.00
# Visual Studio Version 17
VisualStudioVersion = 17.8.34408.163
MinimumVisualStudioVersion = 10.0.40219.1
Project("{FAE04EC0-301F-11D3-BF4B-00C04F79EFBC}") = "web-api", "web-api\web-api.csproj", "{DDF782CE-193A-42DC-A3CF-6DEC1C088323}"
EndProject
Global
	GlobalSection(SolutionConfigurationPlatforms) = preSolution
		Debug|Any CPU = Debug|Any CPU
		Release|Any CPU = Release|Any CPU
	EndGlobalSection
	GlobalSection(ProjectConfigurationPlatforms) = postSolution
		{DDF782CE-193A-42DC-A3CF-6DEC1C088323}.Debug|Any CPU.ActiveCfg = Debug|Any CPU
		{DDF782CE-193A-42DC-A3CF-6DEC1C088323}.Debug|Any CPU.Build.0 = Debug|Any CPU
		{DDF782CE-193A-42DC-A3CF-6DEC1C088323}.Release|Any CPU.ActiveCfg = Release|Any CPU
		{DDF782CE-193A-42DC-A3CF-6DEC1C088323}.Release|Any CPU.Build.0 = Release|Any CPU
	EndGlobalSection
	GlobalSection(SolutionProperties) = preSolution
		HideSolutionNode = FALSE
	EndGlobalSection
	GlobalSection(ExtensibilityGlobals) = postSolution
		SolutionGuid = {0C18D69D-0DC2-450B-893E-0CCE844A454A}
	EndGlobalSection
EndGlobal
